// !$*UTF8*$!
{
	archiveVersion = 1;
	classes = {
	};
	objectVersion = 56;
	objects = {

/* Begin PBXBuildFile section */
		9E2A0B7A2B7C8A890078AA06 /* WidgetBackgroundView.swift in Sources */ = {isa = PBXBuildFile; fileRef = 9E2A0B792B7C8A890078AA06 /* WidgetBackgroundView.swift */; };
		9E39F5872B82F3AE00C8CFF7 /* UTTypeExt.swift in Sources */ = {isa = PBXBuildFile; fileRef = 9E39F5862B82F3AE00C8CFF7 /* UTTypeExt.swift */; };
		9E39F58B2B847B2100C8CFF7 /* MuticastDelegate.swift in Sources */ = {isa = PBXBuildFile; fileRef = 9E39F58A2B847B2100C8CFF7 /* MuticastDelegate.swift */; };
		9E39F5912B84EAD300C8CFF7 /* WidgetViewController.swift in Sources */ = {isa = PBXBuildFile; fileRef = 9E39F5902B84EAD300C8CFF7 /* WidgetViewController.swift */; };
		9E39F5952B857FDC00C8CFF7 /* WidgetViewControllerError.swift in Sources */ = {isa = PBXBuildFile; fileRef = 9E39F5942B857FDC00C8CFF7 /* WidgetViewControllerError.swift */; };
		9E5593B32B8593C600E1D91B /* FallbackWidgetViewController.swift in Sources */ = {isa = PBXBuildFile; fileRef = 9E5593B12B8593C600E1D91B /* FallbackWidgetViewController.swift */; };
		9E5593B42B8593C600E1D91B /* FallbackWidgetView.xib in Resources */ = {isa = PBXBuildFile; fileRef = 9E5593B22B8593C600E1D91B /* FallbackWidgetView.xib */; };
		9E7236022B8DA65E004B5503 /* VisibilityCellView.swift in Sources */ = {isa = PBXBuildFile; fileRef = 9E7236012B8DA65E004B5503 /* VisibilityCellView.swift */; };
		9E7236042B8DA77B004B5503 /* KindCellView.swift in Sources */ = {isa = PBXBuildFile; fileRef = 9E7236032B8DA77B004B5503 /* KindCellView.swift */; };
		9E7236062B8DA783004B5503 /* PositionCellView.swift in Sources */ = {isa = PBXBuildFile; fileRef = 9E7236052B8DA783004B5503 /* PositionCellView.swift */; };
		9E7236082B8DAF3D004B5503 /* ArrayExtension.swift in Sources */ = {isa = PBXBuildFile; fileRef = 9E7236072B8DAF3D004B5503 /* ArrayExtension.swift */; };
		9E72360A2B8DB1DC004B5503 /* PreferenceCellView.swift in Sources */ = {isa = PBXBuildFile; fileRef = 9E7236092B8DB1DC004B5503 /* PreferenceCellView.swift */; };
		9E7236142B8DE60D004B5503 /* PreferencesViewController.swift in Sources */ = {isa = PBXBuildFile; fileRef = 9E7236132B8DE60D004B5503 /* PreferencesViewController.swift */; };
		9E7236172B8DF0F6004B5503 /* WidgetConfigViewController.swift in Sources */ = {isa = PBXBuildFile; fileRef = 9E7236152B8DF0F6004B5503 /* WidgetConfigViewController.swift */; };
		9E7236182B8DF0F6004B5503 /* WidgetConfigView.xib in Resources */ = {isa = PBXBuildFile; fileRef = 9E7236162B8DF0F6004B5503 /* WidgetConfigView.xib */; };
		9E82ADBE2B9010DD00F7649A /* WidgetKindSelectorViewController.swift in Sources */ = {isa = PBXBuildFile; fileRef = 9E82ADBC2B9010DD00F7649A /* WidgetKindSelectorViewController.swift */; };
		9E82ADBF2B9010DD00F7649A /* WidgetKindSelectorView.xib in Resources */ = {isa = PBXBuildFile; fileRef = 9E82ADBD2B9010DD00F7649A /* WidgetKindSelectorView.xib */; };
		9E82ADC32B9013D000F7649A /* WidgetKindSelectorDelegate.swift in Sources */ = {isa = PBXBuildFile; fileRef = 9E82ADC22B9013D000F7649A /* WidgetKindSelectorDelegate.swift */; };
		9E82ADC62B9036B600F7649A /* WidgetAnchorEditorViewController.swift in Sources */ = {isa = PBXBuildFile; fileRef = 9E82ADC42B9036B600F7649A /* WidgetAnchorEditorViewController.swift */; };
		9E82ADC72B9036B600F7649A /* WidgetAnchorEditorView.xib in Resources */ = {isa = PBXBuildFile; fileRef = 9E82ADC52B9036B600F7649A /* WidgetAnchorEditorView.xib */; };
		9E82ADCC2B90C99B00F7649A /* MediaWidgetContentEditorViewController.swift in Sources */ = {isa = PBXBuildFile; fileRef = 9E82ADCA2B90C99B00F7649A /* MediaWidgetContentEditorViewController.swift */; };
		9E82ADCD2B90C99B00F7649A /* MediaWidgetContentEditorView.xib in Resources */ = {isa = PBXBuildFile; fileRef = 9E82ADCB2B90C99B00F7649A /* MediaWidgetContentEditorView.xib */; };
		9E82ADD02B90CAB900F7649A /* ShellWidgetContentEditorViewController.swift in Sources */ = {isa = PBXBuildFile; fileRef = 9E82ADCE2B90CAB900F7649A /* ShellWidgetContentEditorViewController.swift */; };
		9E82ADD12B90CAB900F7649A /* ShellWidgetContentEditorView.xib in Resources */ = {isa = PBXBuildFile; fileRef = 9E82ADCF2B90CAB900F7649A /* ShellWidgetContentEditorView.xib */; };
		9E82ADD32B91766000F7649A /* WidgetAnchorEditorDelegate.swift in Sources */ = {isa = PBXBuildFile; fileRef = 9E82ADD22B91766000F7649A /* WidgetAnchorEditorDelegate.swift */; };
		9E82ADD52B9199DF00F7649A /* WidgetConfigViewControllerDelegate.swift in Sources */ = {isa = PBXBuildFile; fileRef = 9E82ADD42B9199DF00F7649A /* WidgetConfigViewControllerDelegate.swift */; };
		9E82ADD92B91CC3A00F7649A /* URLExtension.swift in Sources */ = {isa = PBXBuildFile; fileRef = 9E82ADD82B91CC3A00F7649A /* URLExtension.swift */; };
		9EB1461C2B85F25C00B0560B /* DraggableImageView.swift in Sources */ = {isa = PBXBuildFile; fileRef = 9EB1461B2B85F25C00B0560B /* DraggableImageView.swift */; };
		9ECAAD8C2B7AFBDE0043D51C /* AppDelegate.swift in Sources */ = {isa = PBXBuildFile; fileRef = 9ECAAD8B2B7AFBDE0043D51C /* AppDelegate.swift */; };
		9ECAAD8E2B7AFBE10043D51C /* Assets.xcassets in Resources */ = {isa = PBXBuildFile; fileRef = 9ECAAD8D2B7AFBE10043D51C /* Assets.xcassets */; };
		9ECAAD912B7AFBE10043D51C /* MainMenu.xib in Resources */ = {isa = PBXBuildFile; fileRef = 9ECAAD8F2B7AFBE10043D51C /* MainMenu.xib */; };
		9ECAAD992B7B02920043D51C /* WidgetWindow.swift in Sources */ = {isa = PBXBuildFile; fileRef = 9ECAAD982B7B02920043D51C /* WidgetWindow.swift */; };
		9ECAAD9D2B7B0B680043D51C /* WidgetWindowController.swift in Sources */ = {isa = PBXBuildFile; fileRef = 9ECAAD9C2B7B0B680043D51C /* WidgetWindowController.swift */; };
		9ECAAD9F2B7B1BFF0043D51C /* WidgetMode.swift in Sources */ = {isa = PBXBuildFile; fileRef = 9ECAAD9E2B7B1BFF0043D51C /* WidgetMode.swift */; };
		9ECAADB02B7C50770043D51C /* WindowLevelExt.swift in Sources */ = {isa = PBXBuildFile; fileRef = 9ECAADAF2B7C50770043D51C /* WindowLevelExt.swift */; };
		9ECAADB22B7C5B610043D51C /* NotificationNameExt.swift in Sources */ = {isa = PBXBuildFile; fileRef = 9ECAADB12B7C5B610043D51C /* NotificationNameExt.swift */; };
		9ECC86462B88651800A615F6 /* Widget.swift in Sources */ = {isa = PBXBuildFile; fileRef = 9ECC86452B88651800A615F6 /* Widget.swift */; };
		9ECC86482B88656900A615F6 /* WidgetVisibility.swift in Sources */ = {isa = PBXBuildFile; fileRef = 9ECC86472B88656900A615F6 /* WidgetVisibility.swift */; };
		9ECC864A2B8865C900A615F6 /* WidgetWindowStateDelegate.swift in Sources */ = {isa = PBXBuildFile; fileRef = 9ECC86492B8865C900A615F6 /* WidgetWindowStateDelegate.swift */; };
		9ECC864C2B88667E00A615F6 /* WidgetContentDelegate.swift in Sources */ = {isa = PBXBuildFile; fileRef = 9ECC864B2B88667E00A615F6 /* WidgetContentDelegate.swift */; };
		9ECC864E2B88674700A615F6 /* WidgetWindowState.swift in Sources */ = {isa = PBXBuildFile; fileRef = 9ECC864D2B88674700A615F6 /* WidgetWindowState.swift */; };
		9ECC86502B88675E00A615F6 /* WidgetContent.swift in Sources */ = {isa = PBXBuildFile; fileRef = 9ECC864F2B88675E00A615F6 /* WidgetContent.swift */; };
		9ECC86522B886CFF00A615F6 /* ShellWidgetContent.swift in Sources */ = {isa = PBXBuildFile; fileRef = 9ECC86512B886CFF00A615F6 /* ShellWidgetContent.swift */; };
		9ECC86542B886D0700A615F6 /* MediaWidgetContent.swift in Sources */ = {isa = PBXBuildFile; fileRef = 9ECC86532B886D0700A615F6 /* MediaWidgetContent.swift */; };
		9ECC86582B88791000A615F6 /* WidgetViewControllerFactory.swift in Sources */ = {isa = PBXBuildFile; fileRef = 9ECC86572B88791000A615F6 /* WidgetViewControllerFactory.swift */; };
		9ECC86662B889FAB00A615F6 /* WidgetCollection.swift in Sources */ = {isa = PBXBuildFile; fileRef = 9ECC86652B889FAB00A615F6 /* WidgetCollection.swift */; };
		9ECC86682B889FED00A615F6 /* WidgetCollectionDelegate.swift in Sources */ = {isa = PBXBuildFile; fileRef = 9ECC86672B889FED00A615F6 /* WidgetCollectionDelegate.swift */; };
		9ECC86712B89797C00A615F6 /* WidgetStorage.swift in Sources */ = {isa = PBXBuildFile; fileRef = 9ECC86702B89797C00A615F6 /* WidgetStorage.swift */; };
		9ECC86762B89A67000A615F6 /* PreferencesWindowController.swift in Sources */ = {isa = PBXBuildFile; fileRef = 9ECC86742B89A67000A615F6 /* PreferencesWindowController.swift */; };
		9ECC86772B89A67000A615F6 /* PreferencesView.xib in Resources */ = {isa = PBXBuildFile; fileRef = 9ECC86752B89A67000A615F6 /* PreferencesView.xib */; };
		9ED6959D2B7ED7300046B70A /* GradientTextView.swift in Sources */ = {isa = PBXBuildFile; fileRef = 9ED6959C2B7ED7300046B70A /* GradientTextView.swift */; };
		9ED695A62B8091750046B70A /* MediaWidgetViewController.swift in Sources */ = {isa = PBXBuildFile; fileRef = 9ED695A42B8091750046B70A /* MediaWidgetViewController.swift */; };
		9ED695A72B8091750046B70A /* MediaWidgetView.xib in Resources */ = {isa = PBXBuildFile; fileRef = 9ED695A52B8091750046B70A /* MediaWidgetView.xib */; };
		9ED7DC9C2B7DD079004957E0 /* ShellWidgetViewController.swift in Sources */ = {isa = PBXBuildFile; fileRef = 9ED7DC9A2B7DD079004957E0 /* ShellWidgetViewController.swift */; };
		9ED7DC9D2B7DD079004957E0 /* ShellWidgetView.xib in Resources */ = {isa = PBXBuildFile; fileRef = 9ED7DC9B2B7DD079004957E0 /* ShellWidgetView.xib */; };
		9ED7DCA32B7DDC43004957E0 /* ProcessRunner.swift in Sources */ = {isa = PBXBuildFile; fileRef = 9ED7DCA22B7DDC43004957E0 /* ProcessRunner.swift */; };
		9ED7DCAB2B7E4CD2004957E0 /* ProcessRunnerDelegate.swift in Sources */ = {isa = PBXBuildFile; fileRef = 9ED7DCAA2B7E4CD1004957E0 /* ProcessRunnerDelegate.swift */; };
		9EE0AB542B8EFB90006621C6 /* WidgetConfigPageController.swift in Sources */ = {isa = PBXBuildFile; fileRef = 9EE0AB532B8EFB90006621C6 /* WidgetConfigPageController.swift */; };
/* End PBXBuildFile section */

/* Begin PBXFileReference section */
		9E2A0B792B7C8A890078AA06 /* WidgetBackgroundView.swift */ = {isa = PBXFileReference; lastKnownFileType = sourcecode.swift; path = WidgetBackgroundView.swift; sourceTree = "<group>"; };
		9E39F5862B82F3AE00C8CFF7 /* UTTypeExt.swift */ = {isa = PBXFileReference; lastKnownFileType = sourcecode.swift; path = UTTypeExt.swift; sourceTree = "<group>"; };
		9E39F58A2B847B2100C8CFF7 /* MuticastDelegate.swift */ = {isa = PBXFileReference; lastKnownFileType = sourcecode.swift; path = MuticastDelegate.swift; sourceTree = "<group>"; };
		9E39F5902B84EAD300C8CFF7 /* WidgetViewController.swift */ = {isa = PBXFileReference; lastKnownFileType = sourcecode.swift; path = WidgetViewController.swift; sourceTree = "<group>"; };
		9E39F5942B857FDC00C8CFF7 /* WidgetViewControllerError.swift */ = {isa = PBXFileReference; lastKnownFileType = sourcecode.swift; path = WidgetViewControllerError.swift; sourceTree = "<group>"; };
		9E5593B12B8593C600E1D91B /* FallbackWidgetViewController.swift */ = {isa = PBXFileReference; lastKnownFileType = sourcecode.swift; path = FallbackWidgetViewController.swift; sourceTree = "<group>"; };
		9E5593B22B8593C600E1D91B /* FallbackWidgetView.xib */ = {isa = PBXFileReference; lastKnownFileType = file.xib; path = FallbackWidgetView.xib; sourceTree = "<group>"; };
		9E7236012B8DA65E004B5503 /* VisibilityCellView.swift */ = {isa = PBXFileReference; lastKnownFileType = sourcecode.swift; path = VisibilityCellView.swift; sourceTree = "<group>"; };
		9E7236032B8DA77B004B5503 /* KindCellView.swift */ = {isa = PBXFileReference; lastKnownFileType = sourcecode.swift; path = KindCellView.swift; sourceTree = "<group>"; };
		9E7236052B8DA783004B5503 /* PositionCellView.swift */ = {isa = PBXFileReference; lastKnownFileType = sourcecode.swift; path = PositionCellView.swift; sourceTree = "<group>"; };
		9E7236072B8DAF3D004B5503 /* ArrayExtension.swift */ = {isa = PBXFileReference; lastKnownFileType = sourcecode.swift; path = ArrayExtension.swift; sourceTree = "<group>"; };
		9E7236092B8DB1DC004B5503 /* PreferenceCellView.swift */ = {isa = PBXFileReference; lastKnownFileType = sourcecode.swift; path = PreferenceCellView.swift; sourceTree = "<group>"; };
		9E7236132B8DE60D004B5503 /* PreferencesViewController.swift */ = {isa = PBXFileReference; lastKnownFileType = sourcecode.swift; path = PreferencesViewController.swift; sourceTree = "<group>"; };
		9E7236152B8DF0F6004B5503 /* WidgetConfigViewController.swift */ = {isa = PBXFileReference; lastKnownFileType = sourcecode.swift; path = WidgetConfigViewController.swift; sourceTree = "<group>"; };
		9E7236162B8DF0F6004B5503 /* WidgetConfigView.xib */ = {isa = PBXFileReference; lastKnownFileType = file.xib; path = WidgetConfigView.xib; sourceTree = "<group>"; };
		9E82ADBC2B9010DD00F7649A /* WidgetKindSelectorViewController.swift */ = {isa = PBXFileReference; lastKnownFileType = sourcecode.swift; path = WidgetKindSelectorViewController.swift; sourceTree = "<group>"; };
		9E82ADBD2B9010DD00F7649A /* WidgetKindSelectorView.xib */ = {isa = PBXFileReference; lastKnownFileType = file.xib; path = WidgetKindSelectorView.xib; sourceTree = "<group>"; };
		9E82ADC22B9013D000F7649A /* WidgetKindSelectorDelegate.swift */ = {isa = PBXFileReference; lastKnownFileType = sourcecode.swift; path = WidgetKindSelectorDelegate.swift; sourceTree = "<group>"; };
		9E82ADC42B9036B600F7649A /* WidgetAnchorEditorViewController.swift */ = {isa = PBXFileReference; lastKnownFileType = sourcecode.swift; path = WidgetAnchorEditorViewController.swift; sourceTree = "<group>"; };
		9E82ADC52B9036B600F7649A /* WidgetAnchorEditorView.xib */ = {isa = PBXFileReference; lastKnownFileType = file.xib; path = WidgetAnchorEditorView.xib; sourceTree = "<group>"; };
		9E82ADCA2B90C99B00F7649A /* MediaWidgetContentEditorViewController.swift */ = {isa = PBXFileReference; lastKnownFileType = sourcecode.swift; path = MediaWidgetContentEditorViewController.swift; sourceTree = "<group>"; };
		9E82ADCB2B90C99B00F7649A /* MediaWidgetContentEditorView.xib */ = {isa = PBXFileReference; lastKnownFileType = file.xib; path = MediaWidgetContentEditorView.xib; sourceTree = "<group>"; };
		9E82ADCE2B90CAB900F7649A /* ShellWidgetContentEditorViewController.swift */ = {isa = PBXFileReference; lastKnownFileType = sourcecode.swift; path = ShellWidgetContentEditorViewController.swift; sourceTree = "<group>"; };
		9E82ADCF2B90CAB900F7649A /* ShellWidgetContentEditorView.xib */ = {isa = PBXFileReference; lastKnownFileType = file.xib; path = ShellWidgetContentEditorView.xib; sourceTree = "<group>"; };
		9E82ADD22B91766000F7649A /* WidgetAnchorEditorDelegate.swift */ = {isa = PBXFileReference; fileEncoding = 4; lastKnownFileType = sourcecode.swift; path = WidgetAnchorEditorDelegate.swift; sourceTree = "<group>"; };
		9E82ADD42B9199DF00F7649A /* WidgetConfigViewControllerDelegate.swift */ = {isa = PBXFileReference; lastKnownFileType = sourcecode.swift; path = WidgetConfigViewControllerDelegate.swift; sourceTree = "<group>"; };
		9E82ADD82B91CC3A00F7649A /* URLExtension.swift */ = {isa = PBXFileReference; lastKnownFileType = sourcecode.swift; path = URLExtension.swift; sourceTree = "<group>"; };
		9EB1461B2B85F25C00B0560B /* DraggableImageView.swift */ = {isa = PBXFileReference; lastKnownFileType = sourcecode.swift; path = DraggableImageView.swift; sourceTree = "<group>"; };
		9ECAAD882B7AFBDE0043D51C /* widgetsb.app */ = {isa = PBXFileReference; explicitFileType = wrapper.application; includeInIndex = 0; path = widgetsb.app; sourceTree = BUILT_PRODUCTS_DIR; };
		9ECAAD8B2B7AFBDE0043D51C /* AppDelegate.swift */ = {isa = PBXFileReference; lastKnownFileType = sourcecode.swift; path = AppDelegate.swift; sourceTree = "<group>"; };
		9ECAAD8D2B7AFBE10043D51C /* Assets.xcassets */ = {isa = PBXFileReference; lastKnownFileType = folder.assetcatalog; path = Assets.xcassets; sourceTree = "<group>"; };
		9ECAAD902B7AFBE10043D51C /* Base */ = {isa = PBXFileReference; lastKnownFileType = file.xib; name = Base; path = Base.lproj/MainMenu.xib; sourceTree = "<group>"; };
		9ECAAD922B7AFBE10043D51C /* widgetsb.entitlements */ = {isa = PBXFileReference; lastKnownFileType = text.plist.entitlements; path = widgetsb.entitlements; sourceTree = "<group>"; };
		9ECAAD982B7B02920043D51C /* WidgetWindow.swift */ = {isa = PBXFileReference; lastKnownFileType = sourcecode.swift; path = WidgetWindow.swift; sourceTree = "<group>"; };
		9ECAAD9C2B7B0B680043D51C /* WidgetWindowController.swift */ = {isa = PBXFileReference; lastKnownFileType = sourcecode.swift; path = WidgetWindowController.swift; sourceTree = "<group>"; };
		9ECAAD9E2B7B1BFF0043D51C /* WidgetMode.swift */ = {isa = PBXFileReference; lastKnownFileType = sourcecode.swift; path = WidgetMode.swift; sourceTree = "<group>"; };
		9ECAADAF2B7C50770043D51C /* WindowLevelExt.swift */ = {isa = PBXFileReference; lastKnownFileType = sourcecode.swift; path = WindowLevelExt.swift; sourceTree = "<group>"; };
		9ECAADB12B7C5B610043D51C /* NotificationNameExt.swift */ = {isa = PBXFileReference; lastKnownFileType = sourcecode.swift; path = NotificationNameExt.swift; sourceTree = "<group>"; };
		9ECC86452B88651800A615F6 /* Widget.swift */ = {isa = PBXFileReference; lastKnownFileType = sourcecode.swift; path = Widget.swift; sourceTree = "<group>"; };
		9ECC86472B88656900A615F6 /* WidgetVisibility.swift */ = {isa = PBXFileReference; lastKnownFileType = sourcecode.swift; path = WidgetVisibility.swift; sourceTree = "<group>"; };
		9ECC86492B8865C900A615F6 /* WidgetWindowStateDelegate.swift */ = {isa = PBXFileReference; lastKnownFileType = sourcecode.swift; path = WidgetWindowStateDelegate.swift; sourceTree = "<group>"; };
		9ECC864B2B88667E00A615F6 /* WidgetContentDelegate.swift */ = {isa = PBXFileReference; lastKnownFileType = sourcecode.swift; path = WidgetContentDelegate.swift; sourceTree = "<group>"; };
		9ECC864D2B88674700A615F6 /* WidgetWindowState.swift */ = {isa = PBXFileReference; lastKnownFileType = sourcecode.swift; path = WidgetWindowState.swift; sourceTree = "<group>"; };
		9ECC864F2B88675E00A615F6 /* WidgetContent.swift */ = {isa = PBXFileReference; lastKnownFileType = sourcecode.swift; path = WidgetContent.swift; sourceTree = "<group>"; };
		9ECC86512B886CFF00A615F6 /* ShellWidgetContent.swift */ = {isa = PBXFileReference; lastKnownFileType = sourcecode.swift; path = ShellWidgetContent.swift; sourceTree = "<group>"; };
		9ECC86532B886D0700A615F6 /* MediaWidgetContent.swift */ = {isa = PBXFileReference; lastKnownFileType = sourcecode.swift; path = MediaWidgetContent.swift; sourceTree = "<group>"; };
		9ECC86572B88791000A615F6 /* WidgetViewControllerFactory.swift */ = {isa = PBXFileReference; fileEncoding = 4; lastKnownFileType = sourcecode.swift; path = WidgetViewControllerFactory.swift; sourceTree = "<group>"; };
		9ECC86652B889FAB00A615F6 /* WidgetCollection.swift */ = {isa = PBXFileReference; lastKnownFileType = sourcecode.swift; path = WidgetCollection.swift; sourceTree = "<group>"; };
		9ECC86672B889FED00A615F6 /* WidgetCollectionDelegate.swift */ = {isa = PBXFileReference; lastKnownFileType = sourcecode.swift; path = WidgetCollectionDelegate.swift; sourceTree = "<group>"; };
		9ECC86702B89797C00A615F6 /* WidgetStorage.swift */ = {isa = PBXFileReference; lastKnownFileType = sourcecode.swift; path = WidgetStorage.swift; sourceTree = "<group>"; };
		9ECC86742B89A67000A615F6 /* PreferencesWindowController.swift */ = {isa = PBXFileReference; lastKnownFileType = sourcecode.swift; path = PreferencesWindowController.swift; sourceTree = "<group>"; };
		9ECC86752B89A67000A615F6 /* PreferencesView.xib */ = {isa = PBXFileReference; lastKnownFileType = file.xib; path = PreferencesView.xib; sourceTree = "<group>"; };
		9ED6959C2B7ED7300046B70A /* GradientTextView.swift */ = {isa = PBXFileReference; lastKnownFileType = sourcecode.swift; path = GradientTextView.swift; sourceTree = "<group>"; };
		9ED695A42B8091750046B70A /* MediaWidgetViewController.swift */ = {isa = PBXFileReference; lastKnownFileType = sourcecode.swift; path = MediaWidgetViewController.swift; sourceTree = "<group>"; };
		9ED695A52B8091750046B70A /* MediaWidgetView.xib */ = {isa = PBXFileReference; lastKnownFileType = file.xib; path = MediaWidgetView.xib; sourceTree = "<group>"; };
		9ED7DC9A2B7DD079004957E0 /* ShellWidgetViewController.swift */ = {isa = PBXFileReference; lastKnownFileType = sourcecode.swift; path = ShellWidgetViewController.swift; sourceTree = "<group>"; };
		9ED7DC9B2B7DD079004957E0 /* ShellWidgetView.xib */ = {isa = PBXFileReference; lastKnownFileType = file.xib; path = ShellWidgetView.xib; sourceTree = "<group>"; };
		9ED7DCA22B7DDC43004957E0 /* ProcessRunner.swift */ = {isa = PBXFileReference; lastKnownFileType = sourcecode.swift; path = ProcessRunner.swift; sourceTree = "<group>"; };
		9ED7DCAA2B7E4CD1004957E0 /* ProcessRunnerDelegate.swift */ = {isa = PBXFileReference; lastKnownFileType = sourcecode.swift; path = ProcessRunnerDelegate.swift; sourceTree = "<group>"; };
		9EE0AB532B8EFB90006621C6 /* WidgetConfigPageController.swift */ = {isa = PBXFileReference; lastKnownFileType = sourcecode.swift; path = WidgetConfigPageController.swift; sourceTree = "<group>"; };
/* End PBXFileReference section */

/* Begin PBXFrameworksBuildPhase section */
		9ECAAD852B7AFBDE0043D51C /* Frameworks */ = {
			isa = PBXFrameworksBuildPhase;
			buildActionMask = 2147483647;
			files = (
			);
			runOnlyForDeploymentPostprocessing = 0;
		};
/* End PBXFrameworksBuildPhase section */

/* Begin PBXGroup section */
		9E2A0B712B7C7D220078AA06 /* Extensions */ = {
			isa = PBXGroup;
			children = (
				9ECAADAF2B7C50770043D51C /* WindowLevelExt.swift */,
				9ECAADB12B7C5B610043D51C /* NotificationNameExt.swift */,
				9E39F5862B82F3AE00C8CFF7 /* UTTypeExt.swift */,
				9E7236072B8DAF3D004B5503 /* ArrayExtension.swift */,
				9E82ADD82B91CC3A00F7649A /* URLExtension.swift */,
			);
			path = Extensions;
			sourceTree = "<group>";
		};
		9E2A0B722B7C7D3D0078AA06 /* Core */ = {
			isa = PBXGroup;
			children = (
				9ECC86702B89797C00A615F6 /* WidgetStorage.swift */,
				9ECC86652B889FAB00A615F6 /* WidgetCollection.swift */,
				9ECC86672B889FED00A615F6 /* WidgetCollectionDelegate.swift */,
				9ECC86572B88791000A615F6 /* WidgetViewControllerFactory.swift */,
				9ECAAD9E2B7B1BFF0043D51C /* WidgetMode.swift */,
				9ECC86472B88656900A615F6 /* WidgetVisibility.swift */,
				9E39F58A2B847B2100C8CFF7 /* MuticastDelegate.swift */,
				9E39F5962B85868700C8CFF7 /* Model */,
				9E39F5982B8586D400C8CFF7 /* View */,
				9E39F5972B8586C100C8CFF7 /* Controller */,
			);
			path = Core;
			sourceTree = "<group>";
		};
		9E39F5962B85868700C8CFF7 /* Model */ = {
			isa = PBXGroup;
			children = (
				9ECC86452B88651800A615F6 /* Widget.swift */,
				9ECC864F2B88675E00A615F6 /* WidgetContent.swift */,
				9ECC864D2B88674700A615F6 /* WidgetWindowState.swift */,
				9ECC864B2B88667E00A615F6 /* WidgetContentDelegate.swift */,
				9ECC86492B8865C900A615F6 /* WidgetWindowStateDelegate.swift */,
			);
			path = Model;
			sourceTree = "<group>";
		};
		9E39F5972B8586C100C8CFF7 /* Controller */ = {
			isa = PBXGroup;
			children = (
				9E39F5902B84EAD300C8CFF7 /* WidgetViewController.swift */,
				9E39F5942B857FDC00C8CFF7 /* WidgetViewControllerError.swift */,
				9E5593B12B8593C600E1D91B /* FallbackWidgetViewController.swift */,
				9ECAAD9C2B7B0B680043D51C /* WidgetWindowController.swift */,
			);
			path = Controller;
			sourceTree = "<group>";
		};
		9E39F5982B8586D400C8CFF7 /* View */ = {
			isa = PBXGroup;
			children = (
				9E5593B22B8593C600E1D91B /* FallbackWidgetView.xib */,
				9ECAAD982B7B02920043D51C /* WidgetWindow.swift */,
				9E2A0B792B7C8A890078AA06 /* WidgetBackgroundView.swift */,
			);
			path = View;
			sourceTree = "<group>";
		};
		9E82ADB72B8F7CEA00F7649A /* Main screen */ = {
			isa = PBXGroup;
			children = (
				9ECC86752B89A67000A615F6 /* PreferencesView.xib */,
				9E82ADB82B8F7D0000F7649A /* Cell views */,
			);
			path = "Main screen";
			sourceTree = "<group>";
		};
		9E82ADB82B8F7D0000F7649A /* Cell views */ = {
			isa = PBXGroup;
			children = (
				9E7236092B8DB1DC004B5503 /* PreferenceCellView.swift */,
				9E7236012B8DA65E004B5503 /* VisibilityCellView.swift */,
				9E7236032B8DA77B004B5503 /* KindCellView.swift */,
				9E7236052B8DA783004B5503 /* PositionCellView.swift */,
			);
			path = "Cell views";
			sourceTree = "<group>";
		};
		9E82ADB92B8F7D3000F7649A /* Sub sheet */ = {
			isa = PBXGroup;
			children = (
				9E7236162B8DF0F6004B5503 /* WidgetConfigView.xib */,
				9E82ADC02B9010ED00F7649A /* Subsheet pages */,
			);
			path = "Sub sheet";
			sourceTree = "<group>";
		};
		9E82ADBA2B8F7D4200F7649A /* Main screen */ = {
			isa = PBXGroup;
			children = (
				9E7236132B8DE60D004B5503 /* PreferencesViewController.swift */,
				9ECC86742B89A67000A615F6 /* PreferencesWindowController.swift */,
			);
			path = "Main screen";
			sourceTree = "<group>";
		};
		9E82ADBB2B8F7D5500F7649A /* Sub sheet */ = {
			isa = PBXGroup;
			children = (
				9E7236152B8DF0F6004B5503 /* WidgetConfigViewController.swift */,
				9E82ADD42B9199DF00F7649A /* WidgetConfigViewControllerDelegate.swift */,
				9EE0AB532B8EFB90006621C6 /* WidgetConfigPageController.swift */,
				9E82ADC12B9010FF00F7649A /* Subsheet pages */,
			);
			path = "Sub sheet";
			sourceTree = "<group>";
		};
		9E82ADC02B9010ED00F7649A /* Subsheet pages */ = {
			isa = PBXGroup;
			children = (
				9E82ADBD2B9010DD00F7649A /* WidgetKindSelectorView.xib */,
				9E82ADC52B9036B600F7649A /* WidgetAnchorEditorView.xib */,
			);
			path = "Subsheet pages";
			sourceTree = "<group>";
		};
		9E82ADC12B9010FF00F7649A /* Subsheet pages */ = {
			isa = PBXGroup;
			children = (
				9E82ADBC2B9010DD00F7649A /* WidgetKindSelectorViewController.swift */,
				9E82ADC22B9013D000F7649A /* WidgetKindSelectorDelegate.swift */,
				9E82ADC42B9036B600F7649A /* WidgetAnchorEditorViewController.swift */,
				9E82ADD22B91766000F7649A /* WidgetAnchorEditorDelegate.swift */,
			);
			path = "Subsheet pages";
			sourceTree = "<group>";
		};
		9ECAAD7F2B7AFBDD0043D51C = {
			isa = PBXGroup;
			children = (
				9ECAAD8A2B7AFBDE0043D51C /* widgetsb */,
				9ECAAD892B7AFBDE0043D51C /* Products */,
			);
			sourceTree = "<group>";
		};
		9ECAAD892B7AFBDE0043D51C /* Products */ = {
			isa = PBXGroup;
			children = (
				9ECAAD882B7AFBDE0043D51C /* widgetsb.app */,
			);
			name = Products;
			sourceTree = "<group>";
		};
		9ECAAD8A2B7AFBDE0043D51C /* widgetsb */ = {
			isa = PBXGroup;
			children = (
				9ECAAD8B2B7AFBDE0043D51C /* AppDelegate.swift */,
				9ECAAD8D2B7AFBE10043D51C /* Assets.xcassets */,
				9ECAAD8F2B7AFBE10043D51C /* MainMenu.xib */,
				9ECC86642B889F9E00A615F6 /* Preferences */,
				9ED7DC992B7DD05F004957E0 /* Widgets */,
				9E2A0B722B7C7D3D0078AA06 /* Core */,
				9E2A0B712B7C7D220078AA06 /* Extensions */,
				9ECAAD922B7AFBE10043D51C /* widgetsb.entitlements */,
			);
			path = widgetsb;
			sourceTree = "<group>";
		};
		9ECC86592B887D7600A615F6 /* Shell */ = {
			isa = PBXGroup;
			children = (
				9ECC865C2B887D8C00A615F6 /* Model */,
				9ECC865D2B887D9000A615F6 /* View */,
				9ECC865E2B887D9500A615F6 /* Controller */,
			);
			path = Shell;
			sourceTree = "<group>";
		};
		9ECC865A2B887D7E00A615F6 /* Media */ = {
			isa = PBXGroup;
			children = (
				9ECC86612B887DB500A615F6 /* Model */,
				9ECC86602B887DB100A615F6 /* View */,
				9ECC865F2B887DAC00A615F6 /* Controller */,
			);
			path = Media;
			sourceTree = "<group>";
		};
		9ECC865C2B887D8C00A615F6 /* Model */ = {
			isa = PBXGroup;
			children = (
				9ECC86512B886CFF00A615F6 /* ShellWidgetContent.swift */,
				9ED7DCA22B7DDC43004957E0 /* ProcessRunner.swift */,
				9ED7DCAA2B7E4CD1004957E0 /* ProcessRunnerDelegate.swift */,
			);
			path = Model;
			sourceTree = "<group>";
		};
		9ECC865D2B887D9000A615F6 /* View */ = {
			isa = PBXGroup;
			children = (
				9ED7DC9B2B7DD079004957E0 /* ShellWidgetView.xib */,
				9ED6959C2B7ED7300046B70A /* GradientTextView.swift */,
				9E82ADCF2B90CAB900F7649A /* ShellWidgetContentEditorView.xib */,
			);
			path = View;
			sourceTree = "<group>";
		};
		9ECC865E2B887D9500A615F6 /* Controller */ = {
			isa = PBXGroup;
			children = (
				9ED7DC9A2B7DD079004957E0 /* ShellWidgetViewController.swift */,
				9E82ADCE2B90CAB900F7649A /* ShellWidgetContentEditorViewController.swift */,
			);
			path = Controller;
			sourceTree = "<group>";
		};
		9ECC865F2B887DAC00A615F6 /* Controller */ = {
			isa = PBXGroup;
			children = (
				9ED695A42B8091750046B70A /* MediaWidgetViewController.swift */,
				9E82ADCA2B90C99B00F7649A /* MediaWidgetContentEditorViewController.swift */,
			);
			path = Controller;
			sourceTree = "<group>";
		};
		9ECC86602B887DB100A615F6 /* View */ = {
			isa = PBXGroup;
			children = (
				9ED695A52B8091750046B70A /* MediaWidgetView.xib */,
				9EB1461B2B85F25C00B0560B /* DraggableImageView.swift */,
				9E82ADCB2B90C99B00F7649A /* MediaWidgetContentEditorView.xib */,
			);
			path = View;
			sourceTree = "<group>";
		};
		9ECC86612B887DB500A615F6 /* Model */ = {
			isa = PBXGroup;
			children = (
				9ECC86532B886D0700A615F6 /* MediaWidgetContent.swift */,
			);
			path = Model;
			sourceTree = "<group>";
		};
		9ECC86642B889F9E00A615F6 /* Preferences */ = {
			isa = PBXGroup;
			children = (
				9ECC86792B89A67A00A615F6 /* View */,
				9ECC867A2B89A67E00A615F6 /* Controller */,
			);
			path = Preferences;
			sourceTree = "<group>";
		};
		9ECC86792B89A67A00A615F6 /* View */ = {
			isa = PBXGroup;
			children = (
				9E82ADB72B8F7CEA00F7649A /* Main screen */,
				9E82ADB92B8F7D3000F7649A /* Sub sheet */,
			);
			path = View;
			sourceTree = "<group>";
		};
		9ECC867A2B89A67E00A615F6 /* Controller */ = {
			isa = PBXGroup;
			children = (
				9E82ADBA2B8F7D4200F7649A /* Main screen */,
				9E82ADBB2B8F7D5500F7649A /* Sub sheet */,
			);
			path = Controller;
			sourceTree = "<group>";
		};
		9ED7DC992B7DD05F004957E0 /* Widgets */ = {
			isa = PBXGroup;
			children = (
				9ECC865A2B887D7E00A615F6 /* Media */,
				9ECC86592B887D7600A615F6 /* Shell */,
			);
			path = Widgets;
			sourceTree = "<group>";
		};
/* End PBXGroup section */

/* Begin PBXNativeTarget section */
		9ECAAD872B7AFBDE0043D51C /* widgetsb */ = {
			isa = PBXNativeTarget;
			buildConfigurationList = 9ECAAD952B7AFBE10043D51C /* Build configuration list for PBXNativeTarget "widgetsb" */;
			buildPhases = (
				9ECAAD842B7AFBDE0043D51C /* Sources */,
				9ECAAD852B7AFBDE0043D51C /* Frameworks */,
				9ECAAD862B7AFBDE0043D51C /* Resources */,
			);
			buildRules = (
			);
			dependencies = (
			);
			name = widgetsb;
			productName = widgetsb;
			productReference = 9ECAAD882B7AFBDE0043D51C /* widgetsb.app */;
			productType = "com.apple.product-type.application";
		};
/* End PBXNativeTarget section */

/* Begin PBXProject section */
		9ECAAD802B7AFBDD0043D51C /* Project object */ = {
			isa = PBXProject;
			attributes = {
				BuildIndependentTargetsInParallel = 1;
				LastSwiftUpdateCheck = 1520;
				LastUpgradeCheck = 1520;
				TargetAttributes = {
					9ECAAD872B7AFBDE0043D51C = {
						CreatedOnToolsVersion = 15.2;
					};
				};
			};
			buildConfigurationList = 9ECAAD832B7AFBDD0043D51C /* Build configuration list for PBXProject "widgetsb" */;
			compatibilityVersion = "Xcode 14.0";
			developmentRegion = en;
			hasScannedForEncodings = 0;
			knownRegions = (
				en,
				Base,
			);
			mainGroup = 9ECAAD7F2B7AFBDD0043D51C;
			productRefGroup = 9ECAAD892B7AFBDE0043D51C /* Products */;
			projectDirPath = "";
			projectRoot = "";
			targets = (
				9ECAAD872B7AFBDE0043D51C /* widgetsb */,
			);
		};
/* End PBXProject section */

/* Begin PBXResourcesBuildPhase section */
		9ECAAD862B7AFBDE0043D51C /* Resources */ = {
			isa = PBXResourcesBuildPhase;
			buildActionMask = 2147483647;
			files = (
				9ECC86772B89A67000A615F6 /* PreferencesView.xib in Resources */,
				9E7236182B8DF0F6004B5503 /* WidgetConfigView.xib in Resources */,
				9ECAAD8E2B7AFBE10043D51C /* Assets.xcassets in Resources */,
				9ED695A72B8091750046B70A /* MediaWidgetView.xib in Resources */,
				9E82ADD12B90CAB900F7649A /* ShellWidgetContentEditorView.xib in Resources */,
				9ED7DC9D2B7DD079004957E0 /* ShellWidgetView.xib in Resources */,
				9E5593B42B8593C600E1D91B /* FallbackWidgetView.xib in Resources */,
				9ECAAD912B7AFBE10043D51C /* MainMenu.xib in Resources */,
				9E82ADBF2B9010DD00F7649A /* WidgetKindSelectorView.xib in Resources */,
				9E82ADCD2B90C99B00F7649A /* MediaWidgetContentEditorView.xib in Resources */,
				9E82ADC72B9036B600F7649A /* WidgetAnchorEditorView.xib in Resources */,
			);
			runOnlyForDeploymentPostprocessing = 0;
		};
/* End PBXResourcesBuildPhase section */

/* Begin PBXSourcesBuildPhase section */
		9ECAAD842B7AFBDE0043D51C /* Sources */ = {
			isa = PBXSourcesBuildPhase;
			buildActionMask = 2147483647;
			files = (
				9E39F58B2B847B2100C8CFF7 /* MuticastDelegate.swift in Sources */,
				9ECC864C2B88667E00A615F6 /* WidgetContentDelegate.swift in Sources */,
				9ECC86522B886CFF00A615F6 /* ShellWidgetContent.swift in Sources */,
				9ECC86482B88656900A615F6 /* WidgetVisibility.swift in Sources */,
				9ECAAD9F2B7B1BFF0043D51C /* WidgetMode.swift in Sources */,
				9E82ADD52B9199DF00F7649A /* WidgetConfigViewControllerDelegate.swift in Sources */,
				9ECC86662B889FAB00A615F6 /* WidgetCollection.swift in Sources */,
				9ECAADB02B7C50770043D51C /* WindowLevelExt.swift in Sources */,
				9E7236142B8DE60D004B5503 /* PreferencesViewController.swift in Sources */,
				9ECAAD9D2B7B0B680043D51C /* WidgetWindowController.swift in Sources */,
				9ED7DCA32B7DDC43004957E0 /* ProcessRunner.swift in Sources */,
				9E7236062B8DA783004B5503 /* PositionCellView.swift in Sources */,
				9E82ADC32B9013D000F7649A /* WidgetKindSelectorDelegate.swift in Sources */,
				9E82ADD02B90CAB900F7649A /* ShellWidgetContentEditorViewController.swift in Sources */,
				9E82ADBE2B9010DD00F7649A /* WidgetKindSelectorViewController.swift in Sources */,
				9E2A0B7A2B7C8A890078AA06 /* WidgetBackgroundView.swift in Sources */,
				9E39F5872B82F3AE00C8CFF7 /* UTTypeExt.swift in Sources */,
				9E82ADD32B91766000F7649A /* WidgetAnchorEditorDelegate.swift in Sources */,
				9ED6959D2B7ED7300046B70A /* GradientTextView.swift in Sources */,
				9E7236172B8DF0F6004B5503 /* WidgetConfigViewController.swift in Sources */,
				9E7236042B8DA77B004B5503 /* KindCellView.swift in Sources */,
				9ECC86542B886D0700A615F6 /* MediaWidgetContent.swift in Sources */,
				9E82ADD92B91CC3A00F7649A /* URLExtension.swift in Sources */,
				9ECC86462B88651800A615F6 /* Widget.swift in Sources */,
				9ECC86682B889FED00A615F6 /* WidgetCollectionDelegate.swift in Sources */,
				9ED695A62B8091750046B70A /* MediaWidgetViewController.swift in Sources */,
				9ECC86582B88791000A615F6 /* WidgetViewControllerFactory.swift in Sources */,
				9ECAADB22B7C5B610043D51C /* NotificationNameExt.swift in Sources */,
				9E39F5952B857FDC00C8CFF7 /* WidgetViewControllerError.swift in Sources */,
				9E72360A2B8DB1DC004B5503 /* PreferenceCellView.swift in Sources */,
				9ED7DCAB2B7E4CD2004957E0 /* ProcessRunnerDelegate.swift in Sources */,
				9ED7DC9C2B7DD079004957E0 /* ShellWidgetViewController.swift in Sources */,
				9EB1461C2B85F25C00B0560B /* DraggableImageView.swift in Sources */,
				9E7236022B8DA65E004B5503 /* VisibilityCellView.swift in Sources */,
				9E7236082B8DAF3D004B5503 /* ArrayExtension.swift in Sources */,
				9E82ADCC2B90C99B00F7649A /* MediaWidgetContentEditorViewController.swift in Sources */,
				9ECC864A2B8865C900A615F6 /* WidgetWindowStateDelegate.swift in Sources */,
				9E39F5912B84EAD300C8CFF7 /* WidgetViewController.swift in Sources */,
				9ECC864E2B88674700A615F6 /* WidgetWindowState.swift in Sources */,
				9E82ADC62B9036B600F7649A /* WidgetAnchorEditorViewController.swift in Sources */,
				9ECC86762B89A67000A615F6 /* PreferencesWindowController.swift in Sources */,
				9EE0AB542B8EFB90006621C6 /* WidgetConfigPageController.swift in Sources */,
				9ECC86712B89797C00A615F6 /* WidgetStorage.swift in Sources */,
				9E5593B32B8593C600E1D91B /* FallbackWidgetViewController.swift in Sources */,
				9ECC86502B88675E00A615F6 /* WidgetContent.swift in Sources */,
				9ECAAD8C2B7AFBDE0043D51C /* AppDelegate.swift in Sources */,
				9ECAAD992B7B02920043D51C /* WidgetWindow.swift in Sources */,
			);
			runOnlyForDeploymentPostprocessing = 0;
		};
/* End PBXSourcesBuildPhase section */

/* Begin PBXVariantGroup section */
		9ECAAD8F2B7AFBE10043D51C /* MainMenu.xib */ = {
			isa = PBXVariantGroup;
			children = (
				9ECAAD902B7AFBE10043D51C /* Base */,
			);
			name = MainMenu.xib;
			sourceTree = "<group>";
		};
/* End PBXVariantGroup section */

/* Begin XCBuildConfiguration section */
		9ECAAD932B7AFBE10043D51C /* Debug */ = {
			isa = XCBuildConfiguration;
			buildSettings = {
				ALWAYS_SEARCH_USER_PATHS = NO;
				ASSETCATALOG_COMPILER_GENERATE_SWIFT_ASSET_SYMBOL_EXTENSIONS = YES;
				CLANG_ANALYZER_NONNULL = YES;
				CLANG_ANALYZER_NUMBER_OBJECT_CONVERSION = YES_AGGRESSIVE;
				CLANG_CXX_LANGUAGE_STANDARD = "gnu++20";
				CLANG_ENABLE_MODULES = YES;
				CLANG_ENABLE_OBJC_ARC = YES;
				CLANG_ENABLE_OBJC_WEAK = YES;
				CLANG_WARN_BLOCK_CAPTURE_AUTORELEASING = YES;
				CLANG_WARN_BOOL_CONVERSION = YES;
				CLANG_WARN_COMMA = YES;
				CLANG_WARN_CONSTANT_CONVERSION = YES;
				CLANG_WARN_DEPRECATED_OBJC_IMPLEMENTATIONS = YES;
				CLANG_WARN_DIRECT_OBJC_ISA_USAGE = YES_ERROR;
				CLANG_WARN_DOCUMENTATION_COMMENTS = YES;
				CLANG_WARN_EMPTY_BODY = YES;
				CLANG_WARN_ENUM_CONVERSION = YES;
				CLANG_WARN_INFINITE_RECURSION = YES;
				CLANG_WARN_INT_CONVERSION = YES;
				CLANG_WARN_NON_LITERAL_NULL_CONVERSION = YES;
				CLANG_WARN_OBJC_IMPLICIT_RETAIN_SELF = YES;
				CLANG_WARN_OBJC_LITERAL_CONVERSION = YES;
				CLANG_WARN_OBJC_ROOT_CLASS = YES_ERROR;
				CLANG_WARN_QUOTED_INCLUDE_IN_FRAMEWORK_HEADER = YES;
				CLANG_WARN_RANGE_LOOP_ANALYSIS = YES;
				CLANG_WARN_STRICT_PROTOTYPES = YES;
				CLANG_WARN_SUSPICIOUS_MOVE = YES;
				CLANG_WARN_UNGUARDED_AVAILABILITY = YES_AGGRESSIVE;
				CLANG_WARN_UNREACHABLE_CODE = YES;
				CLANG_WARN__DUPLICATE_METHOD_MATCH = YES;
				COPY_PHASE_STRIP = NO;
				DEBUG_INFORMATION_FORMAT = dwarf;
				ENABLE_STRICT_OBJC_MSGSEND = YES;
				ENABLE_TESTABILITY = YES;
				ENABLE_USER_SCRIPT_SANDBOXING = YES;
				GCC_C_LANGUAGE_STANDARD = gnu17;
				GCC_DYNAMIC_NO_PIC = NO;
				GCC_NO_COMMON_BLOCKS = YES;
				GCC_OPTIMIZATION_LEVEL = 0;
				GCC_PREPROCESSOR_DEFINITIONS = (
					"DEBUG=1",
					"$(inherited)",
				);
				GCC_WARN_64_TO_32_BIT_CONVERSION = YES;
				GCC_WARN_ABOUT_RETURN_TYPE = YES_ERROR;
				GCC_WARN_UNDECLARED_SELECTOR = YES;
				GCC_WARN_UNINITIALIZED_AUTOS = YES_AGGRESSIVE;
				GCC_WARN_UNUSED_FUNCTION = YES;
				GCC_WARN_UNUSED_VARIABLE = YES;
				LOCALIZATION_PREFERS_STRING_CATALOGS = YES;
				MACOSX_DEPLOYMENT_TARGET = 13.6;
				MTL_ENABLE_DEBUG_INFO = INCLUDE_SOURCE;
				MTL_FAST_MATH = YES;
				ONLY_ACTIVE_ARCH = YES;
				SDKROOT = macosx;
				SWIFT_ACTIVE_COMPILATION_CONDITIONS = "DEBUG $(inherited)";
				SWIFT_OPTIMIZATION_LEVEL = "-Onone";
			};
			name = Debug;
		};
		9ECAAD942B7AFBE10043D51C /* Release */ = {
			isa = XCBuildConfiguration;
			buildSettings = {
				ALWAYS_SEARCH_USER_PATHS = NO;
				ASSETCATALOG_COMPILER_GENERATE_SWIFT_ASSET_SYMBOL_EXTENSIONS = YES;
				CLANG_ANALYZER_NONNULL = YES;
				CLANG_ANALYZER_NUMBER_OBJECT_CONVERSION = YES_AGGRESSIVE;
				CLANG_CXX_LANGUAGE_STANDARD = "gnu++20";
				CLANG_ENABLE_MODULES = YES;
				CLANG_ENABLE_OBJC_ARC = YES;
				CLANG_ENABLE_OBJC_WEAK = YES;
				CLANG_WARN_BLOCK_CAPTURE_AUTORELEASING = YES;
				CLANG_WARN_BOOL_CONVERSION = YES;
				CLANG_WARN_COMMA = YES;
				CLANG_WARN_CONSTANT_CONVERSION = YES;
				CLANG_WARN_DEPRECATED_OBJC_IMPLEMENTATIONS = YES;
				CLANG_WARN_DIRECT_OBJC_ISA_USAGE = YES_ERROR;
				CLANG_WARN_DOCUMENTATION_COMMENTS = YES;
				CLANG_WARN_EMPTY_BODY = YES;
				CLANG_WARN_ENUM_CONVERSION = YES;
				CLANG_WARN_INFINITE_RECURSION = YES;
				CLANG_WARN_INT_CONVERSION = YES;
				CLANG_WARN_NON_LITERAL_NULL_CONVERSION = YES;
				CLANG_WARN_OBJC_IMPLICIT_RETAIN_SELF = YES;
				CLANG_WARN_OBJC_LITERAL_CONVERSION = YES;
				CLANG_WARN_OBJC_ROOT_CLASS = YES_ERROR;
				CLANG_WARN_QUOTED_INCLUDE_IN_FRAMEWORK_HEADER = YES;
				CLANG_WARN_RANGE_LOOP_ANALYSIS = YES;
				CLANG_WARN_STRICT_PROTOTYPES = YES;
				CLANG_WARN_SUSPICIOUS_MOVE = YES;
				CLANG_WARN_UNGUARDED_AVAILABILITY = YES_AGGRESSIVE;
				CLANG_WARN_UNREACHABLE_CODE = YES;
				CLANG_WARN__DUPLICATE_METHOD_MATCH = YES;
				COPY_PHASE_STRIP = NO;
				DEBUG_INFORMATION_FORMAT = "dwarf-with-dsym";
				ENABLE_NS_ASSERTIONS = NO;
				ENABLE_STRICT_OBJC_MSGSEND = YES;
				ENABLE_USER_SCRIPT_SANDBOXING = YES;
				GCC_C_LANGUAGE_STANDARD = gnu17;
				GCC_NO_COMMON_BLOCKS = YES;
				GCC_WARN_64_TO_32_BIT_CONVERSION = YES;
				GCC_WARN_ABOUT_RETURN_TYPE = YES_ERROR;
				GCC_WARN_UNDECLARED_SELECTOR = YES;
				GCC_WARN_UNINITIALIZED_AUTOS = YES_AGGRESSIVE;
				GCC_WARN_UNUSED_FUNCTION = YES;
				GCC_WARN_UNUSED_VARIABLE = YES;
				LOCALIZATION_PREFERS_STRING_CATALOGS = YES;
				MACOSX_DEPLOYMENT_TARGET = 13.6;
				MTL_ENABLE_DEBUG_INFO = NO;
				MTL_FAST_MATH = YES;
				SDKROOT = macosx;
				SWIFT_COMPILATION_MODE = wholemodule;
			};
			name = Release;
		};
		9ECAAD962B7AFBE10043D51C /* Debug */ = {
			isa = XCBuildConfiguration;
			buildSettings = {
				ASSETCATALOG_COMPILER_APPICON_NAME = AppIcon;
				ASSETCATALOG_COMPILER_GLOBAL_ACCENT_COLOR_NAME = AccentColor;
				CODE_SIGN_ENTITLEMENTS = widgetsb/widgetsb.entitlements;
				CODE_SIGN_STYLE = Automatic;
				COMBINE_HIDPI_IMAGES = YES;
				CURRENT_PROJECT_VERSION = 1;
				DEVELOPMENT_TEAM = 9JTFXT4CWH;
				ENABLE_HARDENED_RUNTIME = YES;
				GENERATE_INFOPLIST_FILE = YES;
				INFOPLIST_KEY_LSUIElement = YES;
				INFOPLIST_KEY_NSHumanReadableCopyright = "2024 Enchan1207";
				INFOPLIST_KEY_NSMainNibFile = MainMenu;
				INFOPLIST_KEY_NSPrincipalClass = NSApplication;
				LD_RUNPATH_SEARCH_PATHS = (
					"$(inherited)",
					"@executable_path/../Frameworks",
				);
				MACOSX_DEPLOYMENT_TARGET = 11.0;
				MARKETING_VERSION = 0.1.0;
				PRODUCT_BUNDLE_IDENTIFIER = enchantcode.widgetsb;
				PRODUCT_NAME = "$(TARGET_NAME)";
				SWIFT_EMIT_LOC_STRINGS = YES;
				SWIFT_VERSION = 5.0;
			};
			name = Debug;
		};
		9ECAAD972B7AFBE10043D51C /* Release */ = {
			isa = XCBuildConfiguration;
			buildSettings = {
				ASSETCATALOG_COMPILER_APPICON_NAME = AppIcon;
				ASSETCATALOG_COMPILER_GLOBAL_ACCENT_COLOR_NAME = AccentColor;
				CODE_SIGN_ENTITLEMENTS = widgetsb/widgetsb.entitlements;
				CODE_SIGN_STYLE = Automatic;
				COMBINE_HIDPI_IMAGES = YES;
				CURRENT_PROJECT_VERSION = 1;
				DEVELOPMENT_TEAM = 9JTFXT4CWH;
				ENABLE_HARDENED_RUNTIME = YES;
				GENERATE_INFOPLIST_FILE = YES;
				INFOPLIST_KEY_LSUIElement = YES;
				INFOPLIST_KEY_NSHumanReadableCopyright = "2024 Enchan1207";
				INFOPLIST_KEY_NSMainNibFile = MainMenu;
				INFOPLIST_KEY_NSPrincipalClass = NSApplication;
				LD_RUNPATH_SEARCH_PATHS = (
					"$(inherited)",
					"@executable_path/../Frameworks",
				);
				MACOSX_DEPLOYMENT_TARGET = 11.0;
				MARKETING_VERSION = 0.1.0;
				PRODUCT_BUNDLE_IDENTIFIER = enchantcode.widgetsb;
				PRODUCT_NAME = "$(TARGET_NAME)";
				SWIFT_EMIT_LOC_STRINGS = YES;
				SWIFT_VERSION = 5.0;
			};
			name = Release;
		};
/* End XCBuildConfiguration section */

/* Begin XCConfigurationList section */
		9ECAAD832B7AFBDD0043D51C /* Build configuration list for PBXProject "widgetsb" */ = {
			isa = XCConfigurationList;
			buildConfigurations = (
				9ECAAD932B7AFBE10043D51C /* Debug */,
				9ECAAD942B7AFBE10043D51C /* Release */,
			);
			defaultConfigurationIsVisible = 0;
			defaultConfigurationName = Release;
		};
		9ECAAD952B7AFBE10043D51C /* Build configuration list for PBXNativeTarget "widgetsb" */ = {
			isa = XCConfigurationList;
			buildConfigurations = (
				9ECAAD962B7AFBE10043D51C /* Debug */,
				9ECAAD972B7AFBE10043D51C /* Release */,
			);
			defaultConfigurationIsVisible = 0;
			defaultConfigurationName = Release;
		};
/* End XCConfigurationList section */
	};
	rootObject = 9ECAAD802B7AFBDD0043D51C /* Project object */;
}
